
Microsoft Visual Studio Solution File, Format Version 12.00
# Visual Studio 15
VisualStudioVersion = 15.0.27428.2005
MinimumVisualStudioVersion = 10.0.40219.1
Project("{9A19103F-16F7-4668-BE54-9A1E7A4F7556}") = "Modularity", "Modularity\Modularity\Modularity.csproj", "{D1FE1E00-9ED6-4828-B639-82674AA03128}"
EndProject
Project("{2150E333-8FDC-42A3-9474-1A3956D46DE8}") = "Platforms", "Platforms", "{040B8CE8-CC33-47F3-BC03-E1E3B243FCCF}"
EndProject
Project("{2150E333-8FDC-42A3-9474-1A3956D46DE8}") = "Modules", "Modules", "{9731B232-F280-4A96-ACEA-0982B19536E0}"
EndProject
Project("{9A19103F-16F7-4668-BE54-9A1E7A4F7556}") = "Authentication", "Modularity\Modules\Authentication\Authentication.csproj", "{04A0AF1B-37F3-4610-87AD-AA5F7DB0184D}"
EndProject
Project("{9A19103F-16F7-4668-BE54-9A1E7A4F7556}") = "Main", "Modularity\Modules\Main\Main.csproj", "{D187B25E-7685-4BF0-981E-E7ACD488F406}"
EndProject
Project("{FAE04EC0-301F-11D3-BF4B-00C04F79EFBC}") = "Modularity.Android", "Modularity\Platforms\Modularity.Android\Modularity.Android.csproj", "{EE13DF54-A5AA-4421-A376-0A0BF60E566B}"
EndProject
Project("{FAE04EC0-301F-11D3-BF4B-00C04F79EFBC}") = "Modularity.iOS", "Modularity\Platforms\Modularity.iOS\Modularity.iOS.csproj", "{6C064D25-2AE5-477B-ACA5-E72606335CEB}"
EndProject
Project("{9A19103F-16F7-4668-BE54-9A1E7A4F7556}") = "Modularity.Util", "Modularity\Modularity.Util\Modularity.Util.csproj", "{4A7E58A8-89D8-4278-9428-D8D30082169E}"
EndProject
Global
	GlobalSection(SolutionConfigurationPlatforms) = preSolution
		Ad-Hoc|Any CPU = Ad-Hoc|Any CPU
		Ad-Hoc|iPhone = Ad-Hoc|iPhone
		Ad-Hoc|iPhoneSimulator = Ad-Hoc|iPhoneSimulator
		AppStore|Any CPU = AppStore|Any CPU
		AppStore|iPhone = AppStore|iPhone
		AppStore|iPhoneSimulator = AppStore|iPhoneSimulator
		Debug|Any CPU = Debug|Any CPU
		Debug|iPhone = Debug|iPhone
		Debug|iPhoneSimulator = Debug|iPhoneSimulator
		Release|Any CPU = Release|Any CPU
		Release|iPhone = Release|iPhone
		Release|iPhoneSimulator = Release|iPhoneSimulator
	EndGlobalSection
	GlobalSection(ProjectConfigurationPlatforms) = postSolution
		{D1FE1E00-9ED6-4828-B639-82674AA03128}.Ad-Hoc|Any CPU.ActiveCfg = Debug|Any CPU
		{D1FE1E00-9ED6-4828-B639-82674AA03128}.Ad-Hoc|Any CPU.Build.0 = Debug|Any CPU
		{D1FE1E00-9ED6-4828-B639-82674AA03128}.Ad-Hoc|iPhone.ActiveCfg = Debug|Any CPU
		{D1FE1E00-9ED6-4828-B639-82674AA03128}.Ad-Hoc|iPhone.Build.0 = Debug|Any CPU
		{D1FE1E00-9ED6-4828-B639-82674AA03128}.Ad-Hoc|iPhoneSimulator.ActiveCfg = Debug|Any CPU
		{D1FE1E00-9ED6-4828-B639-82674AA03128}.Ad-Hoc|iPhoneSimulator.Build.0 = Debug|Any CPU
		{D1FE1E00-9ED6-4828-B639-82674AA03128}.AppStore|Any CPU.ActiveCfg = Debug|Any CPU
		{D1FE1E00-9ED6-4828-B639-82674AA03128}.AppStore|Any CPU.Build.0 = Debug|Any CPU
		{D1FE1E00-9ED6-4828-B639-82674AA03128}.AppStore|iPhone.ActiveCfg = Debug|Any CPU
		{D1FE1E00-9ED6-4828-B639-82674AA03128}.AppStore|iPhone.Build.0 = Debug|Any CPU
		{D1FE1E00-9ED6-4828-B639-82674AA03128}.AppStore|iPhoneSimulator.ActiveCfg = Debug|Any CPU
		{D1FE1E00-9ED6-4828-B639-82674AA03128}.AppStore|iPhoneSimulator.Build.0 = Debug|Any CPU
		{D1FE1E00-9ED6-4828-B639-82674AA03128}.Debug|Any CPU.ActiveCfg = Debug|Any CPU
		{D1FE1E00-9ED6-4828-B639-82674AA03128}.Debug|Any CPU.Build.0 = Debug|Any CPU
		{D1FE1E00-9ED6-4828-B639-82674AA03128}.Debug|iPhone.ActiveCfg = Debug|Any CPU
		{D1FE1E00-9ED6-4828-B639-82674AA03128}.Debug|iPhone.Build.0 = Debug|Any CPU
		{D1FE1E00-9ED6-4828-B639-82674AA03128}.Debug|iPhoneSimulator.ActiveCfg = Debug|Any CPU
		{D1FE1E00-9ED6-4828-B639-82674AA03128}.Debug|iPhoneSimulator.Build.0 = Debug|Any CPU
		{D1FE1E00-9ED6-4828-B639-82674AA03128}.Release|Any CPU.ActiveCfg = Release|Any CPU
		{D1FE1E00-9ED6-4828-B639-82674AA03128}.Release|Any CPU.Build.0 = Release|Any CPU
		{D1FE1E00-9ED6-4828-B639-82674AA03128}.Release|iPhone.ActiveCfg = Release|Any CPU
		{D1FE1E00-9ED6-4828-B639-82674AA03128}.Release|iPhone.Build.0 = Release|Any CPU
		{D1FE1E00-9ED6-4828-B639-82674AA03128}.Release|iPhoneSimulator.ActiveCfg = Release|Any CPU
		{D1FE1E00-9ED6-4828-B639-82674AA03128}.Release|iPhoneSimulator.Build.0 = Release|Any CPU
		{04A0AF1B-37F3-4610-87AD-AA5F7DB0184D}.Ad-Hoc|Any CPU.ActiveCfg = Debug|Any CPU
		{04A0AF1B-37F3-4610-87AD-AA5F7DB0184D}.Ad-Hoc|Any CPU.Build.0 = Debug|Any CPU
		{04A0AF1B-37F3-4610-87AD-AA5F7DB0184D}.Ad-Hoc|iPhone.ActiveCfg = Debug|Any CPU
		{04A0AF1B-37F3-4610-87AD-AA5F7DB0184D}.Ad-Hoc|iPhone.Build.0 = Debug|Any CPU
		{04A0AF1B-37F3-4610-87AD-AA5F7DB0184D}.Ad-Hoc|iPhoneSimulator.ActiveCfg = Debug|Any CPU
		{04A0AF1B-37F3-4610-87AD-AA5F7DB0184D}.Ad-Hoc|iPhoneSimulator.Build.0 = Debug|Any CPU
		{04A0AF1B-37F3-4610-87AD-AA5F7DB0184D}.AppStore|Any CPU.ActiveCfg = Debug|Any CPU
		{04A0AF1B-37F3-4610-87AD-AA5F7DB0184D}.AppStore|Any CPU.Build.0 = Debug|Any CPU
		{04A0AF1B-37F3-4610-87AD-AA5F7DB0184D}.AppStore|iPhone.ActiveCfg = Debug|Any CPU
		{04A0AF1B-37F3-4610-87AD-AA5F7DB0184D}.AppStore|iPhone.Build.0 = Debug|Any CPU
		{04A0AF1B-37F3-4610-87AD-AA5F7DB0184D}.AppStore|iPhoneSimulator.ActiveCfg = Debug|Any CPU
		{04A0AF1B-37F3-4610-87AD-AA5F7DB0184D}.AppStore|iPhoneSimulator.Build.0 = Debug|Any CPU
		{04A0AF1B-37F3-4610-87AD-AA5F7DB0184D}.Debug|Any CPU.ActiveCfg = Debug|Any CPU
		{04A0AF1B-37F3-4610-87AD-AA5F7DB0184D}.Debug|Any CPU.Build.0 = Debug|Any CPU
		{04A0AF1B-37F3-4610-87AD-AA5F7DB0184D}.Debug|iPhone.ActiveCfg = Debug|Any CPU
		{04A0AF1B-37F3-4610-87AD-AA5F7DB0184D}.Debug|iPhone.Build.0 = Debug|Any CPU
		{04A0AF1B-37F3-4610-87AD-AA5F7DB0184D}.Debug|iPhoneSimulator.ActiveCfg = Debug|Any CPU
		{04A0AF1B-37F3-4610-87AD-AA5F7DB0184D}.Debug|iPhoneSimulator.Build.0 = Debug|Any CPU
		{04A0AF1B-37F3-4610-87AD-AA5F7DB0184D}.Release|Any CPU.ActiveCfg = Release|Any CPU
		{04A0AF1B-37F3-4610-87AD-AA5F7DB0184D}.Release|Any CPU.Build.0 = Release|Any CPU
		{04A0AF1B-37F3-4610-87AD-AA5F7DB0184D}.Release|iPhone.ActiveCfg = Release|Any CPU
		{04A0AF1B-37F3-4610-87AD-AA5F7DB0184D}.Release|iPhone.Build.0 = Release|Any CPU
		{04A0AF1B-37F3-4610-87AD-AA5F7DB0184D}.Release|iPhoneSimulator.ActiveCfg = Release|Any CPU
		{04A0AF1B-37F3-4610-87AD-AA5F7DB0184D}.Release|iPhoneSimulator.Build.0 = Release|Any CPU
		{D187B25E-7685-4BF0-981E-E7ACD488F406}.Ad-Hoc|Any CPU.ActiveCfg = Debug|Any CPU
		{D187B25E-7685-4BF0-981E-E7ACD488F406}.Ad-Hoc|Any CPU.Build.0 = Debug|Any CPU
		{D187B25E-7685-4BF0-981E-E7ACD488F406}.Ad-Hoc|iPhone.ActiveCfg = Debug|Any CPU
		{D187B25E-7685-4BF0-981E-E7ACD488F406}.Ad-Hoc|iPhone.Build.0 = Debug|Any CPU
		{D187B25E-7685-4BF0-981E-E7ACD488F406}.Ad-Hoc|iPhoneSimulator.ActiveCfg = Debug|Any CPU
		{D187B25E-7685-4BF0-981E-E7ACD488F406}.Ad-Hoc|iPhoneSimulator.Build.0 = Debug|Any CPU
		{D187B25E-7685-4BF0-981E-E7ACD488F406}.AppStore|Any CPU.ActiveCfg = Debug|Any CPU
		{D187B25E-7685-4BF0-981E-E7ACD488F406}.AppStore|Any CPU.Build.0 = Debug|Any CPU
		{D187B25E-7685-4BF0-981E-E7ACD488F406}.AppStore|iPhone.ActiveCfg = Debug|Any CPU
		{D187B25E-7685-4BF0-981E-E7ACD488F406}.AppStore|iPhone.Build.0 = Debug|Any CPU
		{D187B25E-7685-4BF0-981E-E7ACD488F406}.AppStore|iPhoneSimulator.ActiveCfg = Debug|Any CPU
		{D187B25E-7685-4BF0-981E-E7ACD488F406}.AppStore|iPhoneSimulator.Build.0 = Debug|Any CPU
		{D187B25E-7685-4BF0-981E-E7ACD488F406}.Debug|Any CPU.ActiveCfg = Debug|Any CPU
		{D187B25E-7685-4BF0-981E-E7ACD488F406}.Debug|Any CPU.Build.0 = Debug|Any CPU
		{D187B25E-7685-4BF0-981E-E7ACD488F406}.Debug|iPhone.ActiveCfg = Debug|Any CPU
		{D187B25E-7685-4BF0-981E-E7ACD488F406}.Debug|iPhone.Build.0 = Debug|Any CPU
		{D187B25E-7685-4BF0-981E-E7ACD488F406}.Debug|iPhoneSimulator.ActiveCfg = Debug|Any CPU
		{D187B25E-7685-4BF0-981E-E7ACD488F406}.Debug|iPhoneSimulator.Build.0 = Debug|Any CPU
		{D187B25E-7685-4BF0-981E-E7ACD488F406}.Release|Any CPU.ActiveCfg = Release|Any CPU
		{D187B25E-7685-4BF0-981E-E7ACD488F406}.Release|Any CPU.Build.0 = Release|Any CPU
		{D187B25E-7685-4BF0-981E-E7ACD488F406}.Release|iPhone.ActiveCfg = Release|Any CPU
		{D187B25E-7685-4BF0-981E-E7ACD488F406}.Release|iPhone.Build.0 = Release|Any CPU
		{D187B25E-7685-4BF0-981E-E7ACD488F406}.Release|iPhoneSimulator.ActiveCfg = Release|Any CPU
		{D187B25E-7685-4BF0-981E-E7ACD488F406}.Release|iPhoneSimulator.Build.0 = Release|Any CPU
		{EE13DF54-A5AA-4421-A376-0A0BF60E566B}.Ad-Hoc|Any CPU.ActiveCfg = Release|Any CPU
		{EE13DF54-A5AA-4421-A376-0A0BF60E566B}.Ad-Hoc|Any CPU.Build.0 = Release|Any CPU
		{EE13DF54-A5AA-4421-A376-0A0BF60E566B}.Ad-Hoc|Any CPU.Deploy.0 = Release|Any CPU
		{EE13DF54-A5AA-4421-A376-0A0BF60E566B}.Ad-Hoc|iPhone.ActiveCfg = Release|Any CPU
		{EE13DF54-A5AA-4421-A376-0A0BF60E566B}.Ad-Hoc|iPhone.Build.0 = Release|Any CPU
		{EE13DF54-A5AA-4421-A376-0A0BF60E566B}.Ad-Hoc|iPhone.Deploy.0 = Release|Any CPU
		{EE13DF54-A5AA-4421-A376-0A0BF60E566B}.Ad-Hoc|iPhoneSimulator.ActiveCfg = Release|Any CPU
		{EE13DF54-A5AA-4421-A376-0A0BF60E566B}.Ad-Hoc|iPhoneSimulator.Build.0 = Release|Any CPU
		{EE13DF54-A5AA-4421-A376-0A0BF60E566B}.Ad-Hoc|iPhoneSimulator.Deploy.0 = Release|Any CPU
		{EE13DF54-A5AA-4421-A376-0A0BF60E566B}.AppStore|Any CPU.ActiveCfg = Release|Any CPU
		{EE13DF54-A5AA-4421-A376-0A0BF60E566B}.AppStore|Any CPU.Build.0 = Release|Any CPU
		{EE13DF54-A5AA-4421-A376-0A0BF60E566B}.AppStore|Any CPU.Deploy.0 = Release|Any CPU
		{EE13DF54-A5AA-4421-A376-0A0BF60E566B}.AppStore|iPhone.ActiveCfg = Release|Any CPU
		{EE13DF54-A5AA-4421-A376-0A0BF60E566B}.AppStore|iPhone.Build.0 = Release|Any CPU
		{EE13DF54-A5AA-4421-A376-0A0BF60E566B}.AppStore|iPhone.Deploy.0 = Release|Any CPU
		{EE13DF54-A5AA-4421-A376-0A0BF60E566B}.AppStore|iPhoneSimulator.ActiveCfg = Release|Any CPU
		{EE13DF54-A5AA-4421-A376-0A0BF60E566B}.AppStore|iPhoneSimulator.Build.0 = Release|Any CPU
		{EE13DF54-A5AA-4421-A376-0A0BF60E566B}.AppStore|iPhoneSimulator.Deploy.0 = Release|Any CPU
		{EE13DF54-A5AA-4421-A376-0A0BF60E566B}.Debug|Any CPU.ActiveCfg = Debug|Any CPU
		{EE13DF54-A5AA-4421-A376-0A0BF60E566B}.Debug|Any CPU.Build.0 = Debug|Any CPU
		{EE13DF54-A5AA-4421-A376-0A0BF60E566B}.Debug|Any CPU.Deploy.0 = Debug|Any CPU
		{EE13DF54-A5AA-4421-A376-0A0BF60E566B}.Debug|iPhone.ActiveCfg = Debug|Any CPU
		{EE13DF54-A5AA-4421-A376-0A0BF60E566B}.Debug|iPhone.Build.0 = Debug|Any CPU
		{EE13DF54-A5AA-4421-A376-0A0BF60E566B}.Debug|iPhone.Deploy.0 = Debug|Any CPU
		{EE13DF54-A5AA-4421-A376-0A0BF60E566B}.Debug|iPhoneSimulator.ActiveCfg = Debug|Any CPU
		{EE13DF54-A5AA-4421-A376-0A0BF60E566B}.Debug|iPhoneSimulator.Build.0 = Debug|Any CPU
		{EE13DF54-A5AA-4421-A376-0A0BF60E566B}.Debug|iPhoneSimulator.Deploy.0 = Debug|Any CPU
		{EE13DF54-A5AA-4421-A376-0A0BF60E566B}.Release|Any CPU.ActiveCfg = Release|Any CPU
		{EE13DF54-A5AA-4421-A376-0A0BF60E566B}.Release|Any CPU.Build.0 = Release|Any CPU
		{EE13DF54-A5AA-4421-A376-0A0BF60E566B}.Release|Any CPU.Deploy.0 = Release|Any CPU
		{EE13DF54-A5AA-4421-A376-0A0BF60E566B}.Release|iPhone.ActiveCfg = Release|Any CPU
		{EE13DF54-A5AA-4421-A376-0A0BF60E566B}.Release|iPhone.Build.0 = Release|Any CPU
		{EE13DF54-A5AA-4421-A376-0A0BF60E566B}.Release|iPhone.Deploy.0 = Release|Any CPU
		{EE13DF54-A5AA-4421-A376-0A0BF60E566B}.Release|iPhoneSimulator.ActiveCfg = Release|Any CPU
		{EE13DF54-A5AA-4421-A376-0A0BF60E566B}.Release|iPhoneSimulator.Build.0 = Release|Any CPU
		{EE13DF54-A5AA-4421-A376-0A0BF60E566B}.Release|iPhoneSimulator.Deploy.0 = Release|Any CPU
		{6C064D25-2AE5-477B-ACA5-E72606335CEB}.Ad-Hoc|Any CPU.ActiveCfg = Ad-Hoc|iPhone
		{6C064D25-2AE5-477B-ACA5-E72606335CEB}.Ad-Hoc|iPhone.ActiveCfg = Ad-Hoc|iPhone
		{6C064D25-2AE5-477B-ACA5-E72606335CEB}.Ad-Hoc|iPhone.Build.0 = Ad-Hoc|iPhone
		{6C064D25-2AE5-477B-ACA5-E72606335CEB}.Ad-Hoc|iPhoneSimulator.ActiveCfg = Ad-Hoc|iPhoneSimulator
		{6C064D25-2AE5-477B-ACA5-E72606335CEB}.Ad-Hoc|iPhoneSimulator.Build.0 = Ad-Hoc|iPhoneSimulator
		{6C064D25-2AE5-477B-ACA5-E72606335CEB}.AppStore|Any CPU.ActiveCfg = AppStore|iPhone
		{6C064D25-2AE5-477B-ACA5-E72606335CEB}.AppStore|iPhone.ActiveCfg = AppStore|iPhone
		{6C064D25-2AE5-477B-ACA5-E72606335CEB}.AppStore|iPhone.Build.0 = AppStore|iPhone
		{6C064D25-2AE5-477B-ACA5-E72606335CEB}.AppStore|iPhoneSimulator.ActiveCfg = AppStore|iPhoneSimulator
		{6C064D25-2AE5-477B-ACA5-E72606335CEB}.AppStore|iPhoneSimulator.Build.0 = AppStore|iPhoneSimulator
		{6C064D25-2AE5-477B-ACA5-E72606335CEB}.Debug|Any CPU.ActiveCfg = Debug|iPhone
		{6C064D25-2AE5-477B-ACA5-E72606335CEB}.Debug|iPhone.ActiveCfg = Debug|iPhone
		{6C064D25-2AE5-477B-ACA5-E72606335CEB}.Debug|iPhone.Build.0 = Debug|iPhone
		{6C064D25-2AE5-477B-ACA5-E72606335CEB}.Debug|iPhoneSimulator.ActiveCfg = Debug|iPhoneSimulator
		{6C064D25-2AE5-477B-ACA5-E72606335CEB}.Debug|iPhoneSimulator.Build.0 = Debug|iPhoneSimulator
		{6C064D25-2AE5-477B-ACA5-E72606335CEB}.Release|Any CPU.ActiveCfg = Release|iPhone
		{6C064D25-2AE5-477B-ACA5-E72606335CEB}.Release|iPhone.ActiveCfg = Release|iPhone
		{6C064D25-2AE5-477B-ACA5-E72606335CEB}.Release|iPhone.Build.0 = Release|iPhone
		{6C064D25-2AE5-477B-ACA5-E72606335CEB}.Release|iPhoneSimulator.ActiveCfg = Release|iPhoneSimulator
		{6C064D25-2AE5-477B-ACA5-E72606335CEB}.Release|iPhoneSimulator.Build.0 = Release|iPhoneSimulator
		{4A7E58A8-89D8-4278-9428-D8D30082169E}.Ad-Hoc|Any CPU.ActiveCfg = Debug|Any CPU
		{4A7E58A8-89D8-4278-9428-D8D30082169E}.Ad-Hoc|Any CPU.Build.0 = Debug|Any CPU
		{4A7E58A8-89D8-4278-9428-D8D30082169E}.Ad-Hoc|iPhone.ActiveCfg = Debug|Any CPU
		{4A7E58A8-89D8-4278-9428-D8D30082169E}.Ad-Hoc|iPhone.Build.0 = Debug|Any CPU
		{4A7E58A8-89D8-4278-9428-D8D30082169E}.Ad-Hoc|iPhoneSimulator.ActiveCfg = Debug|Any CPU
		{4A7E58A8-89D8-4278-9428-D8D30082169E}.Ad-Hoc|iPhoneSimulator.Build.0 = Debug|Any CPU
		{4A7E58A8-89D8-4278-9428-D8D30082169E}.AppStore|Any CPU.ActiveCfg = Debug|Any CPU
		{4A7E58A8-89D8-4278-9428-D8D30082169E}.AppStore|Any CPU.Build.0 = Debug|Any CPU
		{4A7E58A8-89D8-4278-9428-D8D30082169E}.AppStore|iPhone.ActiveCfg = Debug|Any CPU
		{4A7E58A8-89D8-4278-9428-D8D30082169E}.AppStore|iPhone.Build.0 = Debug|Any CPU
		{4A7E58A8-89D8-4278-9428-D8D30082169E}.AppStore|iPhoneSimulator.ActiveCfg = Debug|Any CPU
		{4A7E58A8-89D8-4278-9428-D8D30082169E}.AppStore|iPhoneSimulator.Build.0 = Debug|Any CPU
		{4A7E58A8-89D8-4278-9428-D8D30082169E}.Debug|Any CPU.ActiveCfg = Debug|Any CPU
		{4A7E58A8-89D8-4278-9428-D8D30082169E}.Debug|Any CPU.Build.0 = Debug|Any CPU
		{4A7E58A8-89D8-4278-9428-D8D30082169E}.Debug|iPhone.ActiveCfg = Debug|Any CPU
		{4A7E58A8-89D8-4278-9428-D8D30082169E}.Debug|iPhone.Build.0 = Debug|Any CPU
		{4A7E58A8-89D8-4278-9428-D8D30082169E}.Debug|iPhoneSimulator.ActiveCfg = Debug|Any CPU
		{4A7E58A8-89D8-4278-9428-D8D30082169E}.Debug|iPhoneSimulator.Build.0 = Debug|Any CPU
		{4A7E58A8-89D8-4278-9428-D8D30082169E}.Release|Any CPU.ActiveCfg = Release|Any CPU
		{4A7E58A8-89D8-4278-9428-D8D30082169E}.Release|Any CPU.Build.0 = Release|Any CPU
		{4A7E58A8-89D8-4278-9428-D8D30082169E}.Release|iPhone.ActiveCfg = Release|Any CPU
		{4A7E58A8-89D8-4278-9428-D8D30082169E}.Release|iPhone.Build.0 = Release|Any CPU
		{4A7E58A8-89D8-4278-9428-D8D30082169E}.Release|iPhoneSimulator.ActiveCfg = Release|Any CPU
		{4A7E58A8-89D8-4278-9428-D8D30082169E}.Release|iPhoneSimulator.Build.0 = Release|Any CPU
	EndGlobalSection
	GlobalSection(SolutionProperties) = preSolution
		HideSolutionNode = FALSE
	EndGlobalSection
	GlobalSection(NestedProjects) = preSolution
		{04A0AF1B-37F3-4610-87AD-AA5F7DB0184D} = {9731B232-F280-4A96-ACEA-0982B19536E0}
		{D187B25E-7685-4BF0-981E-E7ACD488F406} = {9731B232-F280-4A96-ACEA-0982B19536E0}
		{EE13DF54-A5AA-4421-A376-0A0BF60E566B} = {040B8CE8-CC33-47F3-BC03-E1E3B243FCCF}
		{6C064D25-2AE5-477B-ACA5-E72606335CEB} = {040B8CE8-CC33-47F3-BC03-E1E3B243FCCF}
	EndGlobalSection
	GlobalSection(ExtensibilityGlobals) = postSolution
		SolutionGuid = {6C0FE391-1F12-4CA4-A536-A7689B21F405}
	EndGlobalSection
EndGlobal
